
Microsoft Visual Studio Solution File, Format Version 12.00
# Visual Studio Version 17
VisualStudioVersion = 17.0.32112.339
MinimumVisualStudioVersion = 10.0.40219.1
Project("{FAE04EC0-301F-11D3-BF4B-00C04F79EFBC}") = "Task1_CryptFile", "Task1_CryptFile\Task1_CryptFile.csproj", "{0E8FA0F4-515F-4956-BB2A-CCEAFE4683AB}"
EndProject
Global
	GlobalSection(SolutionConfigurationPlatforms) = preSolution
		Debug|Any CPU = Debug|Any CPU
		Release|Any CPU = Release|Any CPU
	EndGlobalSection
	GlobalSection(ProjectConfigurationPlatforms) = postSolution
		{0E8FA0F4-515F-4956-BB2A-CCEAFE4683AB}.Debug|Any CPU.ActiveCfg = Debug|Any CPU
		{0E8FA0F4-515F-4956-BB2A-CCEAFE4683AB}.Debug|Any CPU.Build.0 = Debug|Any CPU
		{0E8FA0F4-515F-4956-BB2A-CCEAFE4683AB}.Release|Any CPU.ActiveCfg = Release|Any CPU
		{0E8FA0F4-515F-4956-BB2A-CCEAFE4683AB}.Release|Any CPU.Build.0 = Release|Any CPU
	EndGlobalSection
	GlobalSection(SolutionProperties) = preSolution
		HideSolutionNode = FALSE
	EndGlobalSection
	GlobalSection(ExtensibilityGlobals) = postSolution
		SolutionGuid = {EFADD4EF-699A-4A74-A00A-05014A50DAA8}
	EndGlobalSection
EndGlobal
